
Microsoft Visual Studio Solution File, Format Version 12.00
# Visual Studio 15
VisualStudioVersion = 15.0.28010.2050
MinimumVisualStudioVersion = 10.0.40219.1
Project("{8BC9CEB8-8B4A-11D0-8D11-00A0C91BC942}") = "Elarsa", "Elarsa\Elarsa.vcxproj", "{0016BC9E-6EFB-4447-9C33-D1761AEACCCE}"
EndProject
Project("{8BC9CEB8-8B4A-11D0-8D11-00A0C91BC942}") = "AI_Assist", "AI_Assist\AI_Assist.vcxproj", "{01A58473-A249-4EA5-8032-F5E65D54F634}"
EndProject
Project("{8BC9CEB8-8B4A-11D0-8D11-00A0C91BC942}") = "StringsUtil", "StringsUtil\StringsUtil.vcxproj", "{F1BB62F8-49B9-4528-9309-FC0859E1BCFD}"
EndProject
Global
	GlobalSection(SolutionConfigurationPlatforms) = preSolution
		Debug|x64 = Debug|x64
		Debug|x86 = Debug|x86
		Release|x64 = Release|x64
		Release|x86 = Release|x86
	EndGlobalSection
	GlobalSection(ProjectConfigurationPlatforms) = postSolution
		{0016BC9E-6EFB-4447-9C33-D1761AEACCCE}.Debug|x64.ActiveCfg = Debug|x64
		{0016BC9E-6EFB-4447-9C33-D1761AEACCCE}.Debug|x64.Build.0 = Debug|x64
		{0016BC9E-6EFB-4447-9C33-D1761AEACCCE}.Debug|x86.ActiveCfg = Debug|Win32
		{0016BC9E-6EFB-4447-9C33-D1761AEACCCE}.Debug|x86.Build.0 = Debug|Win32
		{0016BC9E-6EFB-4447-9C33-D1761AEACCCE}.Release|x64.ActiveCfg = Release|x64
		{0016BC9E-6EFB-4447-9C33-D1761AEACCCE}.Release|x64.Build.0 = Release|x64
		{0016BC9E-6EFB-4447-9C33-D1761AEACCCE}.Release|x86.ActiveCfg = Release|Win32
		{0016BC9E-6EFB-4447-9C33-D1761AEACCCE}.Release|x86.Build.0 = Release|Win32
		{01A58473-A249-4EA5-8032-F5E65D54F634}.Debug|x64.ActiveCfg = Debug|x64
		{01A58473-A249-4EA5-8032-F5E65D54F634}.Debug|x64.Build.0 = Debug|x64
		{01A58473-A249-4EA5-8032-F5E65D54F634}.Debug|x86.ActiveCfg = Debug|Win32
		{01A58473-A249-4EA5-8032-F5E65D54F634}.Debug|x86.Build.0 = Debug|Win32
		{01A58473-A249-4EA5-8032-F5E65D54F634}.Release|x64.ActiveCfg = Release|x64
		{01A58473-A249-4EA5-8032-F5E65D54F634}.Release|x64.Build.0 = Release|x64
		{01A58473-A249-4EA5-8032-F5E65D54F634}.Release|x86.ActiveCfg = Release|Win32
		{01A58473-A249-4EA5-8032-F5E65D54F634}.Release|x86.Build.0 = Release|Win32
		{F1BB62F8-49B9-4528-9309-FC0859E1BCFD}.Debug|x64.ActiveCfg = Debug|x64
		{F1BB62F8-49B9-4528-9309-FC0859E1BCFD}.Debug|x64.Build.0 = Debug|x64
		{F1BB62F8-49B9-4528-9309-FC0859E1BCFD}.Debug|x86.ActiveCfg = Debug|Win32
		{F1BB62F8-49B9-4528-9309-FC0859E1BCFD}.Debug|x86.Build.0 = Debug|Win32
		{F1BB62F8-49B9-4528-9309-FC0859E1BCFD}.Release|x64.ActiveCfg = Release|x64
		{F1BB62F8-49B9-4528-9309-FC0859E1BCFD}.Release|x64.Build.0 = Release|x64
		{F1BB62F8-49B9-4528-9309-FC0859E1BCFD}.Release|x86.ActiveCfg = Release|Win32
		{F1BB62F8-49B9-4528-9309-FC0859E1BCFD}.Release|x86.Build.0 = Release|Win32
	EndGlobalSection
	GlobalSection(SolutionProperties) = preSolution
		HideSolutionNode = FALSE
	EndGlobalSection
	GlobalSection(ExtensibilityGlobals) = postSolution
		SolutionGuid = {0342AFE4-7039-41D6-9CF0-64A287F2D5F7}
	EndGlobalSection
EndGlobal
