
Microsoft Visual Studio Solution File, Format Version 12.00
# Visual Studio 15
Project("{8BC9CEB8-8B4A-11D0-8D11-00A0C91BC942}") = "Case_Sensitivity", "Case_Sensitivity\Case_Sensitivity.vcxproj", "{AB629A93-975B-B9E5-C08D-9E6AACE598F1}"
EndProject
Project("{8BC9CEB8-8B4A-11D0-8D11-00A0C91BC942}") = "Elarsa", "Elarsa\Elarsa.vcxproj", "{7D73ACB0-6915-D786-52D0-EADA3E115ED7}"
EndProject
Global
	GlobalSection(SolutionConfigurationPlatforms) = preSolution
		Debug|Win32 = Debug|Win32
		Debug|x64 = Debug|x64
		Release|Win32 = Release|Win32
		Release|x64 = Release|x64
	EndGlobalSection
	GlobalSection(ProjectConfigurationPlatforms) = postSolution
		{AB629A93-975B-B9E5-C08D-9E6AACE598F1}.Debug|Win32.ActiveCfg = Debug|Win32
		{AB629A93-975B-B9E5-C08D-9E6AACE598F1}.Debug|Win32.Build.0 = Debug|Win32
		{AB629A93-975B-B9E5-C08D-9E6AACE598F1}.Debug|x64.ActiveCfg = Debug|x64
		{AB629A93-975B-B9E5-C08D-9E6AACE598F1}.Debug|x64.Build.0 = Debug|x64
		{AB629A93-975B-B9E5-C08D-9E6AACE598F1}.Release|Win32.ActiveCfg = Release|Win32
		{AB629A93-975B-B9E5-C08D-9E6AACE598F1}.Release|Win32.Build.0 = Release|Win32
		{AB629A93-975B-B9E5-C08D-9E6AACE598F1}.Release|x64.ActiveCfg = Release|x64
		{AB629A93-975B-B9E5-C08D-9E6AACE598F1}.Release|x64.Build.0 = Release|x64
		{7D73ACB0-6915-D786-52D0-EADA3E115ED7}.Debug|Win32.ActiveCfg = Debug|Win32
		{7D73ACB0-6915-D786-52D0-EADA3E115ED7}.Debug|Win32.Build.0 = Debug|Win32
		{7D73ACB0-6915-D786-52D0-EADA3E115ED7}.Debug|x64.ActiveCfg = Debug|x64
		{7D73ACB0-6915-D786-52D0-EADA3E115ED7}.Debug|x64.Build.0 = Debug|x64
		{7D73ACB0-6915-D786-52D0-EADA3E115ED7}.Release|Win32.ActiveCfg = Release|Win32
		{7D73ACB0-6915-D786-52D0-EADA3E115ED7}.Release|Win32.Build.0 = Release|Win32
		{7D73ACB0-6915-D786-52D0-EADA3E115ED7}.Release|x64.ActiveCfg = Release|x64
		{7D73ACB0-6915-D786-52D0-EADA3E115ED7}.Release|x64.Build.0 = Release|x64
	EndGlobalSection
	GlobalSection(SolutionProperties) = preSolution
		HideSolutionNode = FALSE
	EndGlobalSection
EndGlobal
