
Microsoft Visual Studio Solution File, Format Version 12.00
# Visual Studio 15
VisualStudioVersion = 15.0.28010.2050
MinimumVisualStudioVersion = 10.0.40219.1
Project("{8BC9CEB8-8B4A-11D0-8D11-00A0C91BC942}") = "Elarsa", "Elarsa\Elarsa.vcxproj", "{1D1C07BD-C49E-4C35-AE68-46DFA9656532}"
EndProject
Project("{8BC9CEB8-8B4A-11D0-8D11-00A0C91BC942}") = "Case_Sensitivity", "Case_Sensitivity\Case_Sensitivity.vcxproj", "{C32C62F9-BD79-42E0-A3C6-963313274C21}"
EndProject
Global
	GlobalSection(SolutionConfigurationPlatforms) = preSolution
		Debug|x64 = Debug|x64
		Debug|x86 = Debug|x86
		Release|x64 = Release|x64
		Release|x86 = Release|x86
	EndGlobalSection
	GlobalSection(ProjectConfigurationPlatforms) = postSolution
		{1D1C07BD-C49E-4C35-AE68-46DFA9656532}.Debug|x64.ActiveCfg = Debug|x64
		{1D1C07BD-C49E-4C35-AE68-46DFA9656532}.Debug|x64.Build.0 = Debug|x64
		{1D1C07BD-C49E-4C35-AE68-46DFA9656532}.Debug|x86.ActiveCfg = Debug|Win32
		{1D1C07BD-C49E-4C35-AE68-46DFA9656532}.Debug|x86.Build.0 = Debug|Win32
		{1D1C07BD-C49E-4C35-AE68-46DFA9656532}.Release|x64.ActiveCfg = Release|x64
		{1D1C07BD-C49E-4C35-AE68-46DFA9656532}.Release|x64.Build.0 = Release|x64
		{1D1C07BD-C49E-4C35-AE68-46DFA9656532}.Release|x86.ActiveCfg = Release|Win32
		{1D1C07BD-C49E-4C35-AE68-46DFA9656532}.Release|x86.Build.0 = Release|Win32
		{C32C62F9-BD79-42E0-A3C6-963313274C21}.Debug|x64.ActiveCfg = Debug|x64
		{C32C62F9-BD79-42E0-A3C6-963313274C21}.Debug|x64.Build.0 = Debug|x64
		{C32C62F9-BD79-42E0-A3C6-963313274C21}.Debug|x86.ActiveCfg = Debug|Win32
		{C32C62F9-BD79-42E0-A3C6-963313274C21}.Debug|x86.Build.0 = Debug|Win32
		{C32C62F9-BD79-42E0-A3C6-963313274C21}.Release|x64.ActiveCfg = Release|x64
		{C32C62F9-BD79-42E0-A3C6-963313274C21}.Release|x64.Build.0 = Release|x64
		{C32C62F9-BD79-42E0-A3C6-963313274C21}.Release|x86.ActiveCfg = Release|Win32
		{C32C62F9-BD79-42E0-A3C6-963313274C21}.Release|x86.Build.0 = Release|Win32
	EndGlobalSection
	GlobalSection(SolutionProperties) = preSolution
		HideSolutionNode = FALSE
	EndGlobalSection
	GlobalSection(ExtensibilityGlobals) = postSolution
		SolutionGuid = {DDF808EB-BA9A-4E29-AB92-15956CCB34BF}
	EndGlobalSection
EndGlobal
